
Microsoft Visual Studio Solution File, Format Version 12.00
# Visual Studio 15
VisualStudioVersion = 15.0.26228.9
MinimumVisualStudioVersion = 10.0.40219.1
Project("{FAE04EC0-301F-11D3-BF4B-00C04F79EFBC}") = "Nsdn.MathUtilities", "Nsdn.MathUtilities\Nsdn.MathUtilities.csproj", "{0DF61160-E0C6-42BD-90F1-B44149B83740}"
EndProject
Project("{FAE04EC0-301F-11D3-BF4B-00C04F79EFBC}") = "Nsdn.MathUtilities.XUnitTest", "Nsdn.MathUtilities.XUnitTest\Nsdn.MathUtilities.XUnitTest.csproj", "{94EBC44B-01BD-44B4-BC26-02DC24763D4E}"
EndProject
Global
	GlobalSection(SolutionConfigurationPlatforms) = preSolution
		Debug|Any CPU = Debug|Any CPU
		Release|Any CPU = Release|Any CPU
	EndGlobalSection
	GlobalSection(ProjectConfigurationPlatforms) = postSolution
		{0DF61160-E0C6-42BD-90F1-B44149B83740}.Debug|Any CPU.ActiveCfg = Debug|Any CPU
		{0DF61160-E0C6-42BD-90F1-B44149B83740}.Debug|Any CPU.Build.0 = Debug|Any CPU
		{0DF61160-E0C6-42BD-90F1-B44149B83740}.Release|Any CPU.ActiveCfg = Release|Any CPU
		{0DF61160-E0C6-42BD-90F1-B44149B83740}.Release|Any CPU.Build.0 = Release|Any CPU
		{94EBC44B-01BD-44B4-BC26-02DC24763D4E}.Debug|Any CPU.ActiveCfg = Debug|Any CPU
		{94EBC44B-01BD-44B4-BC26-02DC24763D4E}.Debug|Any CPU.Build.0 = Debug|Any CPU
		{94EBC44B-01BD-44B4-BC26-02DC24763D4E}.Release|Any CPU.ActiveCfg = Release|Any CPU
		{94EBC44B-01BD-44B4-BC26-02DC24763D4E}.Release|Any CPU.Build.0 = Release|Any CPU
	EndGlobalSection
	GlobalSection(SolutionProperties) = preSolution
		HideSolutionNode = FALSE
	EndGlobalSection
EndGlobal
